// !$*UTF8*$!
{
	archiveVersion = 1;
	classes = {
	};
	objectVersion = 50;
	objects = {

/* Begin PBXBuildFile section */
		143F217C2582A6E500393107 /* hidpacket.c in Sources */ = {isa = PBXBuildFile; fileRef = 143F217B2582A6E500393107 /* hidpacket.c */; };
		143F217D2582A6E500393107 /* hidpacket.c in Sources */ = {isa = PBXBuildFile; fileRef = 143F217B2582A6E500393107 /* hidpacket.c */; };
		143F21862582A88300393107 /* cybtldr_parse.c in Sources */ = {isa = PBXBuildFile; fileRef = 143F21822582A88200393107 /* cybtldr_parse.c */; };
		143F21872582A88300393107 /* cybtldr_parse.c in Sources */ = {isa = PBXBuildFile; fileRef = 143F21822582A88200393107 /* cybtldr_parse.c */; };
		143F21882582A88300393107 /* cybtldr_api2.c in Sources */ = {isa = PBXBuildFile; fileRef = 143F21832582A88300393107 /* cybtldr_api2.c */; };
		143F21892582A88300393107 /* cybtldr_api2.c in Sources */ = {isa = PBXBuildFile; fileRef = 143F21832582A88300393107 /* cybtldr_api2.c */; };
		143F218A2582A88300393107 /* cybtldr_api.c in Sources */ = {isa = PBXBuildFile; fileRef = 143F21842582A88300393107 /* cybtldr_api.c */; };
		143F218B2582A88300393107 /* cybtldr_api.c in Sources */ = {isa = PBXBuildFile; fileRef = 143F21842582A88300393107 /* cybtldr_api.c */; };
		143F218C2582A88300393107 /* cybtldr_command.c in Sources */ = {isa = PBXBuildFile; fileRef = 143F21852582A88300393107 /* cybtldr_command.c */; };
		143F218D2582A88300393107 /* cybtldr_command.c in Sources */ = {isa = PBXBuildFile; fileRef = 143F21852582A88300393107 /* cybtldr_command.c */; };
		143F21A82582AA6500393107 /* gzip.cc in Sources */ = {isa = PBXBuildFile; fileRef = 143F21942582AA6000393107 /* gzip.cc */; };
		143F21A92582AA6500393107 /* gzip.cc in Sources */ = {isa = PBXBuildFile; fileRef = 143F21942582AA6000393107 /* gzip.cc */; };
		143F21AA2582AA6500393107 /* Decompressor.cc in Sources */ = {isa = PBXBuildFile; fileRef = 143F21952582AA6000393107 /* Decompressor.cc */; };
		143F21AB2582AA6500393107 /* Decompressor.cc in Sources */ = {isa = PBXBuildFile; fileRef = 143F21952582AA6000393107 /* Decompressor.cc */; };
		143F21AC2582AA6500393107 /* CompressedFile.cc in Sources */ = {isa = PBXBuildFile; fileRef = 143F21962582AA6000393107 /* CompressedFile.cc */; };
		143F21AD2582AA6500393107 /* CompressedFile.cc in Sources */ = {isa = PBXBuildFile; fileRef = 143F21962582AA6000393107 /* CompressedFile.cc */; };
		143F21AE2582AA6500393107 /* Compressor.cc in Sources */ = {isa = PBXBuildFile; fileRef = 143F21982582AA6100393107 /* Compressor.cc */; };
		143F21AF2582AA6500393107 /* Compressor.cc in Sources */ = {isa = PBXBuildFile; fileRef = 143F21982582AA6100393107 /* Compressor.cc */; };
		143F21B02582AA6500393107 /* Reader.cc in Sources */ = {isa = PBXBuildFile; fileRef = 143F21992582AA6100393107 /* Reader.cc */; };
		143F21B12582AA6500393107 /* Reader.cc in Sources */ = {isa = PBXBuildFile; fileRef = 143F21992582AA6100393107 /* Reader.cc */; };
		143F21B22582AA6500393107 /* deflate.cc in Sources */ = {isa = PBXBuildFile; fileRef = 143F219A2582AA6100393107 /* deflate.cc */; };
		143F21B32582AA6500393107 /* deflate.cc in Sources */ = {isa = PBXBuildFile; fileRef = 143F219A2582AA6100393107 /* deflate.cc */; };
		143F21B42582AA6500393107 /* Exception.cc in Sources */ = {isa = PBXBuildFile; fileRef = 143F219B2582AA6200393107 /* Exception.cc */; };
		143F21B52582AA6500393107 /* Exception.cc in Sources */ = {isa = PBXBuildFile; fileRef = 143F219B2582AA6200393107 /* Exception.cc */; };
		143F21B62582AA6500393107 /* Container.cc in Sources */ = {isa = PBXBuildFile; fileRef = 143F219C2582AA6200393107 /* Container.cc */; };
		143F21B72582AA6500393107 /* Container.cc in Sources */ = {isa = PBXBuildFile; fileRef = 143F219C2582AA6200393107 /* Container.cc */; };
		143F21B82582AA6500393107 /* FileWriter.cc in Sources */ = {isa = PBXBuildFile; fileRef = 143F219D2582AA6200393107 /* FileWriter.cc */; };
		143F21B92582AA6500393107 /* FileWriter.cc in Sources */ = {isa = PBXBuildFile; fileRef = 143F219D2582AA6200393107 /* FileWriter.cc */; };
		143F21BA2582AA6500393107 /* FileReader.cc in Sources */ = {isa = PBXBuildFile; fileRef = 143F21A12582AA6300393107 /* FileReader.cc */; };
		143F21BB2582AA6500393107 /* FileReader.cc in Sources */ = {isa = PBXBuildFile; fileRef = 143F21A12582AA6300393107 /* FileReader.cc */; };
		143F21BC2582AA6500393107 /* zip.cc in Sources */ = {isa = PBXBuildFile; fileRef = 143F21A22582AA6300393107 /* zip.cc */; };
		143F21BD2582AA6500393107 /* zip.cc in Sources */ = {isa = PBXBuildFile; fileRef = 143F21A22582AA6300393107 /* zip.cc */; };
		143F21BE2582AA6500393107 /* Writer.cc in Sources */ = {isa = PBXBuildFile; fileRef = 143F21A52582AA6400393107 /* Writer.cc */; };
		143F21BF2582AA6500393107 /* Writer.cc in Sources */ = {isa = PBXBuildFile; fileRef = 143F21A52582AA6400393107 /* Writer.cc */; };
		143F21E12582B0CD00393107 /* gzread.c in Sources */ = {isa = PBXBuildFile; fileRef = 143F21C72582B0C600393107 /* gzread.c */; };
		143F21E22582B0CD00393107 /* gzread.c in Sources */ = {isa = PBXBuildFile; fileRef = 143F21C72582B0C600393107 /* gzread.c */; };
		143F21E32582B0CD00393107 /* inffast.c in Sources */ = {isa = PBXBuildFile; fileRef = 143F21C92582B0C700393107 /* inffast.c */; };
		143F21E42582B0CD00393107 /* inffast.c in Sources */ = {isa = PBXBuildFile; fileRef = 143F21C92582B0C700393107 /* inffast.c */; };
		143F21E52582B0CD00393107 /* inflate.c in Sources */ = {isa = PBXBuildFile; fileRef = 143F21CA2582B0C700393107 /* inflate.c */; };
		143F21E62582B0CD00393107 /* inflate.c in Sources */ = {isa = PBXBuildFile; fileRef = 143F21CA2582B0C700393107 /* inflate.c */; };
		143F21E72582B0CD00393107 /* gzwrite.c in Sources */ = {isa = PBXBuildFile; fileRef = 143F21CB2582B0C700393107 /* gzwrite.c */; };
		143F21E82582B0CD00393107 /* gzwrite.c in Sources */ = {isa = PBXBuildFile; fileRef = 143F21CB2582B0C700393107 /* gzwrite.c */; };
		143F21E92582B0CD00393107 /* crc32.c in Sources */ = {isa = PBXBuildFile; fileRef = 143F21CD2582B0C800393107 /* crc32.c */; };
		143F21EA2582B0CD00393107 /* crc32.c in Sources */ = {isa = PBXBuildFile; fileRef = 143F21CD2582B0C800393107 /* crc32.c */; };
		143F21EB2582B0CD00393107 /* zutil.c in Sources */ = {isa = PBXBuildFile; fileRef = 143F21CE2582B0C800393107 /* zutil.c */; };
		143F21EC2582B0CD00393107 /* zutil.c in Sources */ = {isa = PBXBuildFile; fileRef = 143F21CE2582B0C800393107 /* zutil.c */; };
		143F21ED2582B0CD00393107 /* trees.c in Sources */ = {isa = PBXBuildFile; fileRef = 143F21CF2582B0C900393107 /* trees.c */; };
		143F21EE2582B0CD00393107 /* trees.c in Sources */ = {isa = PBXBuildFile; fileRef = 143F21CF2582B0C900393107 /* trees.c */; };
		143F21EF2582B0CD00393107 /* adler32.c in Sources */ = {isa = PBXBuildFile; fileRef = 143F21D52582B0CA00393107 /* adler32.c */; };
		143F21F02582B0CD00393107 /* adler32.c in Sources */ = {isa = PBXBuildFile; fileRef = 143F21D52582B0CA00393107 /* adler32.c */; };
		143F21F12582B0CD00393107 /* compress.c in Sources */ = {isa = PBXBuildFile; fileRef = 143F21D62582B0CA00393107 /* compress.c */; };
		143F21F22582B0CD00393107 /* compress.c in Sources */ = {isa = PBXBuildFile; fileRef = 143F21D62582B0CA00393107 /* compress.c */; };
		143F21F32582B0CD00393107 /* infback.c in Sources */ = {isa = PBXBuildFile; fileRef = 143F21D72582B0CB00393107 /* infback.c */; };
		143F21F42582B0CD00393107 /* infback.c in Sources */ = {isa = PBXBuildFile; fileRef = 143F21D72582B0CB00393107 /* infback.c */; };
		143F21F52582B0CD00393107 /* uncompr.c in Sources */ = {isa = PBXBuildFile; fileRef = 143F21D92582B0CB00393107 /* uncompr.c */; };
		143F21F62582B0CD00393107 /* uncompr.c in Sources */ = {isa = PBXBuildFile; fileRef = 143F21D92582B0CB00393107 /* uncompr.c */; };
		143F21F72582B0CD00393107 /* inftrees.c in Sources */ = {isa = PBXBuildFile; fileRef = 143F21DC2582B0CC00393107 /* inftrees.c */; };
		143F21F82582B0CD00393107 /* inftrees.c in Sources */ = {isa = PBXBuildFile; fileRef = 143F21DC2582B0CC00393107 /* inftrees.c */; };
		143F21F92582B0CD00393107 /* gzclose.c in Sources */ = {isa = PBXBuildFile; fileRef = 143F21DD2582B0CC00393107 /* gzclose.c */; };
		143F21FA2582B0CD00393107 /* gzclose.c in Sources */ = {isa = PBXBuildFile; fileRef = 143F21DD2582B0CC00393107 /* gzclose.c */; };
		143F21FB2582B0CD00393107 /* deflate.c in Sources */ = {isa = PBXBuildFile; fileRef = 143F21DE2582B0CC00393107 /* deflate.c */; };
		143F21FC2582B0CD00393107 /* deflate.c in Sources */ = {isa = PBXBuildFile; fileRef = 143F21DE2582B0CC00393107 /* deflate.c */; };
		143F21FD2582B0CD00393107 /* gzlib.c in Sources */ = {isa = PBXBuildFile; fileRef = 143F21E02582B0CD00393107 /* gzlib.c */; };
		143F21FE2582B0CD00393107 /* gzlib.c in Sources */ = {isa = PBXBuildFile; fileRef = 143F21E02582B0CD00393107 /* gzlib.c */; };
		143F22082582B24900393107 /* strerror_posix.cc in Sources */ = {isa = PBXBuildFile; fileRef = 143F22072582B24900393107 /* strerror_posix.cc */; };
		143F22092582B24900393107 /* strerror_posix.cc in Sources */ = {isa = PBXBuildFile; fileRef = 143F22072582B24900393107 /* strerror_posix.cc */; };
		14418B4323AAC07900C8EB09 /* SCSI2SD_HID.cc in Sources */ = {isa = PBXBuildFile; fileRef = 14418B4223AAC07900C8EB09 /* SCSI2SD_HID.cc */; };
		14418B4523AAC6EB00C8EB09 /* hid.c in Sources */ = {isa = PBXBuildFile; fileRef = 14418B4423AAC6EB00C8EB09 /* hid.c */; };
		146A538C23BBAC730000A06B /* Firmware.cc in Sources */ = {isa = PBXBuildFile; fileRef = 146A538B23BBAC730000A06B /* Firmware.cc */; };
		146A538E23BBACAF0000A06B /* SCSI2SD_Bootloader.cc in Sources */ = {isa = PBXBuildFile; fileRef = 146A538D23BBACAF0000A06B /* SCSI2SD_Bootloader.cc */; };
		146A539223BBEB800000A06B /* ConfigObject.mm in Sources */ = {isa = PBXBuildFile; fileRef = 146A539123BBEB800000A06B /* ConfigObject.mm */; };
		1482B1E923973F3E001BA513 /* AppDelegate.mm in Sources */ = {isa = PBXBuildFile; fileRef = 1482B1E823973F3E001BA513 /* AppDelegate.mm */; };
		1482B1EB23973F42001BA513 /* Assets.xcassets in Resources */ = {isa = PBXBuildFile; fileRef = 1482B1EA23973F42001BA513 /* Assets.xcassets */; };
		1482B1EE23973F42001BA513 /* MainMenu.xib in Resources */ = {isa = PBXBuildFile; fileRef = 1482B1EC23973F42001BA513 /* MainMenu.xib */; };
		1482B1F123973F42001BA513 /* main.m in Sources */ = {isa = PBXBuildFile; fileRef = 1482B1F023973F42001BA513 /* main.m */; };
		1482B20F239748DB001BA513 /* DeviceController.mm in Sources */ = {isa = PBXBuildFile; fileRef = 1482B203239748DB001BA513 /* DeviceController.mm */; };
		1482B210239748DB001BA513 /* SettingsController.mm in Sources */ = {isa = PBXBuildFile; fileRef = 1482B204239748DB001BA513 /* SettingsController.mm */; };
		14AF9E152582877D00EDB1FD /* MF_Base64Additions.m in Sources */ = {isa = PBXBuildFile; fileRef = 14AF9E132582877D00EDB1FD /* MF_Base64Additions.m */; };
		14AF9E162582877D00EDB1FD /* MF_Base64Additions.m in Sources */ = {isa = PBXBuildFile; fileRef = 14AF9E132582877D00EDB1FD /* MF_Base64Additions.m */; };
		14D621E825898FC300572C88 /* SCSI2SD-util-V5-icon-1024x1024.png in Resources */ = {isa = PBXBuildFile; fileRef = 14D621E725898FC300572C88 /* SCSI2SD-util-V5-icon-1024x1024.png */; };
		14D96BCF23C935330008E7B3 /* main.mm in Sources */ = {isa = PBXBuildFile; fileRef = 14D96BCE23C935330008E7B3 /* main.mm */; };
		14DEC5E8239F456800ECD04A /* Functions.mm in Sources */ = {isa = PBXBuildFile; fileRef = 14DEC5E6239F456800ECD04A /* Functions.mm */; };
		14DEC5EB23A2F06D00ECD04A /* ConfigUtil.mm in Sources */ = {isa = PBXBuildFile; fileRef = 14DEC5EA23A2F06C00ECD04A /* ConfigUtil.mm */; };
		14DEC5EF23A4C76000ECD04A /* NSString+Extensions.m in Sources */ = {isa = PBXBuildFile; fileRef = 14DEC5EE23A4C76000ECD04A /* NSString+Extensions.m */; };
		14F2F96523C94A4400169DD2 /* SCSI2SDTask.mm in Sources */ = {isa = PBXBuildFile; fileRef = 14F2F96423C94A4400169DD2 /* SCSI2SDTask.mm */; };
		14F2F96623CA23D200169DD2 /* SCSI2SD_Bootloader.cc in Sources */ = {isa = PBXBuildFile; fileRef = 146A538D23BBACAF0000A06B /* SCSI2SD_Bootloader.cc */; };
		14F2F96723CA23D600169DD2 /* SCSI2SD_HID.cc in Sources */ = {isa = PBXBuildFile; fileRef = 14418B4223AAC07900C8EB09 /* SCSI2SD_HID.cc */; };
		14F2F96823CA23E300169DD2 /* Firmware.cc in Sources */ = {isa = PBXBuildFile; fileRef = 146A538B23BBAC730000A06B /* Firmware.cc */; };
		14F2F96923CA23E800169DD2 /* hid.c in Sources */ = {isa = PBXBuildFile; fileRef = 14418B4423AAC6EB00C8EB09 /* hid.c */; };
		14F2F96A23CA23EC00169DD2 /* ConfigUtil.mm in Sources */ = {isa = PBXBuildFile; fileRef = 14DEC5EA23A2F06C00ECD04A /* ConfigUtil.mm */; };
		14F2F96B23CA23F000169DD2 /* Functions.mm in Sources */ = {isa = PBXBuildFile; fileRef = 14DEC5E6239F456800ECD04A /* Functions.mm */; };
		14F2F96C23CA23F700169DD2 /* NSString+Extensions.m in Sources */ = {isa = PBXBuildFile; fileRef = 14DEC5EE23A4C76000ECD04A /* NSString+Extensions.m */; };
		14F2F96D23CA23FA00169DD2 /* ConfigObject.mm in Sources */ = {isa = PBXBuildFile; fileRef = 146A539123BBEB800000A06B /* ConfigObject.mm */; };
/* End PBXBuildFile section */

/* Begin PBXCopyFilesBuildPhase section */
		14D96BCA23C935320008E7B3 /* CopyFiles */ = {
			isa = PBXCopyFilesBuildPhase;
			buildActionMask = 2147483647;
			dstPath = /usr/share/man/man1/;
			dstSubfolderSpec = 0;
			files = (
			);
			runOnlyForDeploymentPostprocessing = 1;
		};
/* End PBXCopyFilesBuildPhase section */

/* Begin PBXFileReference section */
		0BD4CB1725857166003FAA19 /* SCSI2SD-utilRelease.entitlements */ = {isa = PBXFileReference; lastKnownFileType = text.plist.entitlements; path = "SCSI2SD-utilRelease.entitlements"; sourceTree = "<group>"; };
		142274FF23B4E0E800A7C0E5 /* en */ = {isa = PBXFileReference; lastKnownFileType = file.xib; name = en; path = en.lproj/MainMenu.xib; sourceTree = "<group>"; };
		143F217B2582A6E500393107 /* hidpacket.c */ = {isa = PBXFileReference; fileEncoding = 4; lastKnownFileType = sourcecode.c.c; path = hidpacket.c; sourceTree = "<group>"; };
		143F21822582A88200393107 /* cybtldr_parse.c */ = {isa = PBXFileReference; fileEncoding = 4; lastKnownFileType = sourcecode.c.c; path = cybtldr_parse.c; sourceTree = "<group>"; };
		143F21832582A88300393107 /* cybtldr_api2.c */ = {isa = PBXFileReference; fileEncoding = 4; lastKnownFileType = sourcecode.c.c; path = cybtldr_api2.c; sourceTree = "<group>"; };
		143F21842582A88300393107 /* cybtldr_api.c */ = {isa = PBXFileReference; fileEncoding = 4; lastKnownFileType = sourcecode.c.c; path = cybtldr_api.c; sourceTree = "<group>"; };
		143F21852582A88300393107 /* cybtldr_command.c */ = {isa = PBXFileReference; fileEncoding = 4; lastKnownFileType = sourcecode.c.c; path = cybtldr_command.c; sourceTree = "<group>"; };
		143F21932582AA5F00393107 /* config.h */ = {isa = PBXFileReference; fileEncoding = 4; lastKnownFileType = sourcecode.c.h; path = config.h; sourceTree = "<group>"; };
		143F21942582AA6000393107 /* gzip.cc */ = {isa = PBXFileReference; fileEncoding = 4; lastKnownFileType = sourcecode.cpp.cpp; path = gzip.cc; sourceTree = "<group>"; };
		143F21952582AA6000393107 /* Decompressor.cc */ = {isa = PBXFileReference; fileEncoding = 4; lastKnownFileType = sourcecode.cpp.cpp; path = Decompressor.cc; sourceTree = "<group>"; };
		143F21962582AA6000393107 /* CompressedFile.cc */ = {isa = PBXFileReference; fileEncoding = 4; lastKnownFileType = sourcecode.cpp.cpp; path = CompressedFile.cc; sourceTree = "<group>"; };
		143F21972582AA6000393107 /* gzip.hh */ = {isa = PBXFileReference; fileEncoding = 4; lastKnownFileType = sourcecode.cpp.h; path = gzip.hh; sourceTree = "<group>"; };
		143F21982582AA6100393107 /* Compressor.cc */ = {isa = PBXFileReference; fileEncoding = 4; lastKnownFileType = sourcecode.cpp.cpp; path = Compressor.cc; sourceTree = "<group>"; };
		143F21992582AA6100393107 /* Reader.cc */ = {isa = PBXFileReference; fileEncoding = 4; lastKnownFileType = sourcecode.cpp.cpp; path = Reader.cc; sourceTree = "<group>"; };
		143F219A2582AA6100393107 /* deflate.cc */ = {isa = PBXFileReference; fileEncoding = 4; lastKnownFileType = sourcecode.cpp.cpp; path = deflate.cc; sourceTree = "<group>"; };
		143F219B2582AA6200393107 /* Exception.cc */ = {isa = PBXFileReference; fileEncoding = 4; lastKnownFileType = sourcecode.cpp.cpp; path = Exception.cc; sourceTree = "<group>"; };
		143F219C2582AA6200393107 /* Container.cc */ = {isa = PBXFileReference; fileEncoding = 4; lastKnownFileType = sourcecode.cpp.cpp; path = Container.cc; sourceTree = "<group>"; };
		143F219D2582AA6200393107 /* FileWriter.cc */ = {isa = PBXFileReference; fileEncoding = 4; lastKnownFileType = sourcecode.cpp.cpp; path = FileWriter.cc; sourceTree = "<group>"; };
		143F219E2582AA6200393107 /* split.hh */ = {isa = PBXFileReference; fileEncoding = 4; lastKnownFileType = sourcecode.cpp.h; path = split.hh; sourceTree = "<group>"; };
		143F219F2582AA6300393107 /* strerror.hh */ = {isa = PBXFileReference; fileEncoding = 4; lastKnownFileType = sourcecode.cpp.h; path = strerror.hh; sourceTree = "<group>"; };
		143F21A02582AA6300393107 /* util.hh */ = {isa = PBXFileReference; fileEncoding = 4; lastKnownFileType = sourcecode.cpp.h; path = util.hh; sourceTree = "<group>"; };
		143F21A12582AA6300393107 /* FileReader.cc */ = {isa = PBXFileReference; fileEncoding = 4; lastKnownFileType = sourcecode.cpp.cpp; path = FileReader.cc; sourceTree = "<group>"; };
		143F21A22582AA6300393107 /* zip.cc */ = {isa = PBXFileReference; fileEncoding = 4; lastKnownFileType = sourcecode.cpp.cpp; path = zip.cc; sourceTree = "<group>"; };
		143F21A32582AA6400393107 /* deflate.hh */ = {isa = PBXFileReference; fileEncoding = 4; lastKnownFileType = sourcecode.cpp.h; path = deflate.hh; sourceTree = "<group>"; };
		143F21A42582AA6400393107 /* zip.hh */ = {isa = PBXFileReference; fileEncoding = 4; lastKnownFileType = sourcecode.cpp.h; path = zip.hh; sourceTree = "<group>"; };
		143F21A52582AA6400393107 /* Writer.cc */ = {isa = PBXFileReference; fileEncoding = 4; lastKnownFileType = sourcecode.cpp.cpp; path = Writer.cc; sourceTree = "<group>"; };
		143F21A72582AA6500393107 /* zipper.hh */ = {isa = PBXFileReference; fileEncoding = 4; lastKnownFileType = sourcecode.cpp.h; path = zipper.hh; sourceTree = "<group>"; };
		143F21C72582B0C600393107 /* gzread.c */ = {isa = PBXFileReference; fileEncoding = 4; lastKnownFileType = sourcecode.c.c; path = gzread.c; sourceTree = "<group>"; };
		143F21C82582B0C700393107 /* inffast.h */ = {isa = PBXFileReference; fileEncoding = 4; lastKnownFileType = sourcecode.c.h; path = inffast.h; sourceTree = "<group>"; };
		143F21C92582B0C700393107 /* inffast.c */ = {isa = PBXFileReference; fileEncoding = 4; lastKnownFileType = sourcecode.c.c; path = inffast.c; sourceTree = "<group>"; };
		143F21CA2582B0C700393107 /* inflate.c */ = {isa = PBXFileReference; fileEncoding = 4; lastKnownFileType = sourcecode.c.c; path = inflate.c; sourceTree = "<group>"; };
		143F21CB2582B0C700393107 /* gzwrite.c */ = {isa = PBXFileReference; fileEncoding = 4; lastKnownFileType = sourcecode.c.c; path = gzwrite.c; sourceTree = "<group>"; };
		143F21CC2582B0C800393107 /* zlib.h */ = {isa = PBXFileReference; fileEncoding = 4; lastKnownFileType = sourcecode.c.h; path = zlib.h; sourceTree = "<group>"; };
		143F21CD2582B0C800393107 /* crc32.c */ = {isa = PBXFileReference; fileEncoding = 4; lastKnownFileType = sourcecode.c.c; path = crc32.c; sourceTree = "<group>"; };
		143F21CE2582B0C800393107 /* zutil.c */ = {isa = PBXFileReference; fileEncoding = 4; lastKnownFileType = sourcecode.c.c; path = zutil.c; sourceTree = "<group>"; };
		143F21CF2582B0C900393107 /* trees.c */ = {isa = PBXFileReference; fileEncoding = 4; lastKnownFileType = sourcecode.c.c; path = trees.c; sourceTree = "<group>"; };
		143F21D02582B0C900393107 /* crc32.h */ = {isa = PBXFileReference; fileEncoding = 4; lastKnownFileType = sourcecode.c.h; path = crc32.h; sourceTree = "<group>"; };
		143F21D12582B0C900393107 /* deflate.h */ = {isa = PBXFileReference; fileEncoding = 4; lastKnownFileType = sourcecode.c.h; path = deflate.h; sourceTree = "<group>"; };
		143F21D22582B0C900393107 /* zutil.h */ = {isa = PBXFileReference; fileEncoding = 4; lastKnownFileType = sourcecode.c.h; path = zutil.h; sourceTree = "<group>"; };
		143F21D32582B0CA00393107 /* zconf.h */ = {isa = PBXFileReference; fileEncoding = 4; lastKnownFileType = sourcecode.c.h; path = zconf.h; sourceTree = "<group>"; };
		143F21D42582B0CA00393107 /* gzguts.h */ = {isa = PBXFileReference; fileEncoding = 4; lastKnownFileType = sourcecode.c.h; path = gzguts.h; sourceTree = "<group>"; };
		143F21D52582B0CA00393107 /* adler32.c */ = {isa = PBXFileReference; fileEncoding = 4; lastKnownFileType = sourcecode.c.c; path = adler32.c; sourceTree = "<group>"; };
		143F21D62582B0CA00393107 /* compress.c */ = {isa = PBXFileReference; fileEncoding = 4; lastKnownFileType = sourcecode.c.c; path = compress.c; sourceTree = "<group>"; };
		143F21D72582B0CB00393107 /* infback.c */ = {isa = PBXFileReference; fileEncoding = 4; lastKnownFileType = sourcecode.c.c; path = infback.c; sourceTree = "<group>"; };
		143F21D82582B0CB00393107 /* inflate.h */ = {isa = PBXFileReference; fileEncoding = 4; lastKnownFileType = sourcecode.c.h; path = inflate.h; sourceTree = "<group>"; };
		143F21D92582B0CB00393107 /* uncompr.c */ = {isa = PBXFileReference; fileEncoding = 4; lastKnownFileType = sourcecode.c.c; path = uncompr.c; sourceTree = "<group>"; };
		143F21DA2582B0CB00393107 /* inftrees.h */ = {isa = PBXFileReference; fileEncoding = 4; lastKnownFileType = sourcecode.c.h; path = inftrees.h; sourceTree = "<group>"; };
		143F21DB2582B0CC00393107 /* inffixed.h */ = {isa = PBXFileReference; fileEncoding = 4; lastKnownFileType = sourcecode.c.h; path = inffixed.h; sourceTree = "<group>"; };
		143F21DC2582B0CC00393107 /* inftrees.c */ = {isa = PBXFileReference; fileEncoding = 4; lastKnownFileType = sourcecode.c.c; path = inftrees.c; sourceTree = "<group>"; };
		143F21DD2582B0CC00393107 /* gzclose.c */ = {isa = PBXFileReference; fileEncoding = 4; lastKnownFileType = sourcecode.c.c; path = gzclose.c; sourceTree = "<group>"; };
		143F21DE2582B0CC00393107 /* deflate.c */ = {isa = PBXFileReference; fileEncoding = 4; lastKnownFileType = sourcecode.c.c; path = deflate.c; sourceTree = "<group>"; };
		143F21DF2582B0CD00393107 /* trees.h */ = {isa = PBXFileReference; fileEncoding = 4; lastKnownFileType = sourcecode.c.h; path = trees.h; sourceTree = "<group>"; };
		143F21E02582B0CD00393107 /* gzlib.c */ = {isa = PBXFileReference; fileEncoding = 4; lastKnownFileType = sourcecode.c.c; path = gzlib.c; sourceTree = "<group>"; };
		143F22072582B24900393107 /* strerror_posix.cc */ = {isa = PBXFileReference; fileEncoding = 4; lastKnownFileType = sourcecode.cpp.cpp; path = strerror_posix.cc; sourceTree = "<group>"; };
		14418B4223AAC07900C8EB09 /* SCSI2SD_HID.cc */ = {isa = PBXFileReference; fileEncoding = 4; lastKnownFileType = sourcecode.cpp.cpp; name = SCSI2SD_HID.cc; path = "../../../../scsi2sd-util/SCSI2SD_HID.cc"; sourceTree = "<group>"; };
		14418B4423AAC6EB00C8EB09 /* hid.c */ = {isa = PBXFileReference; fileEncoding = 4; lastKnownFileType = sourcecode.c.c; name = hid.c; path = "../../../../scsi2sd-util/hidapi-mac/hid.c"; sourceTree = "<group>"; };
		14418B4623AAC77000C8EB09 /* hidpacket.h */ = {isa = PBXFileReference; fileEncoding = 4; lastKnownFileType = sourcecode.c.h; name = hidpacket.h; path = ../../../../include/hidpacket.h; sourceTree = "<group>"; };
		14418B4723AAC7DC00C8EB09 /* hidapi.h */ = {isa = PBXFileReference; fileEncoding = 4; lastKnownFileType = sourcecode.c.h; name = hidapi.h; path = "../../../../scsi2sd-util/hidapi/hidapi/hidapi.h"; sourceTree = "<group>"; };
		146A538B23BBAC730000A06B /* Firmware.cc */ = {isa = PBXFileReference; fileEncoding = 4; lastKnownFileType = sourcecode.cpp.cpp; name = Firmware.cc; path = "../../../../scsi2sd-util/Firmware.cc"; sourceTree = "<group>"; };
		146A538D23BBACAF0000A06B /* SCSI2SD_Bootloader.cc */ = {isa = PBXFileReference; fileEncoding = 4; lastKnownFileType = sourcecode.cpp.cpp; name = SCSI2SD_Bootloader.cc; path = "../../../../scsi2sd-util/SCSI2SD_Bootloader.cc"; sourceTree = "<group>"; };
		146A539023BBEB800000A06B /* ConfigObject.hh */ = {isa = PBXFileReference; lastKnownFileType = sourcecode.cpp.h; path = ConfigObject.hh; sourceTree = "<group>"; };
		146A539123BBEB800000A06B /* ConfigObject.mm */ = {isa = PBXFileReference; lastKnownFileType = sourcecode.cpp.objcpp; path = ConfigObject.mm; sourceTree = "<group>"; };
		1474BFE62399677E003C67D5 /* scsi2sd.h */ = {isa = PBXFileReference; fileEncoding = 4; lastKnownFileType = sourcecode.c.h; path = scsi2sd.h; sourceTree = "<group>"; };
		1474BFEB2399677E003C67D5 /* cybtldr_api.h */ = {isa = PBXFileReference; fileEncoding = 4; lastKnownFileType = sourcecode.c.h; path = cybtldr_api.h; sourceTree = "<group>"; };
		1474BFEC2399677E003C67D5 /* cybtldr_api2.h */ = {isa = PBXFileReference; fileEncoding = 4; lastKnownFileType = sourcecode.c.h; path = cybtldr_api2.h; sourceTree = "<group>"; };
		1474BFED2399677E003C67D5 /* cybtldr_parse.h */ = {isa = PBXFileReference; fileEncoding = 4; lastKnownFileType = sourcecode.c.h; path = cybtldr_parse.h; sourceTree = "<group>"; };
		1474BFEE2399677E003C67D5 /* cybtldr_command.h */ = {isa = PBXFileReference; fileEncoding = 4; lastKnownFileType = sourcecode.c.h; path = cybtldr_command.h; sourceTree = "<group>"; };
		1474BFEF2399677E003C67D5 /* cybtldr_utils.h */ = {isa = PBXFileReference; fileEncoding = 4; lastKnownFileType = sourcecode.c.h; path = cybtldr_utils.h; sourceTree = "<group>"; };
		1474BFFB2399677E003C67D5 /* Firmware.hh */ = {isa = PBXFileReference; fileEncoding = 4; lastKnownFileType = sourcecode.cpp.h; path = Firmware.hh; sourceTree = "<group>"; };
		1474C0F623996A15003C67D5 /* SCSI2SD_HID.hh */ = {isa = PBXFileReference; fileEncoding = 4; lastKnownFileType = sourcecode.cpp.h; path = SCSI2SD_HID.hh; sourceTree = "<group>"; };
		1474C0F723996A15003C67D5 /* SCSI2SD_Bootloader.hh */ = {isa = PBXFileReference; fileEncoding = 4; lastKnownFileType = sourcecode.cpp.h; path = SCSI2SD_Bootloader.hh; sourceTree = "<group>"; };
		1482B1E423973F3E001BA513 /* SCSI2SD-util.app */ = {isa = PBXFileReference; explicitFileType = wrapper.application; includeInIndex = 0; path = "SCSI2SD-util.app"; sourceTree = BUILT_PRODUCTS_DIR; };
		1482B1E723973F3E001BA513 /* AppDelegate.hh */ = {isa = PBXFileReference; lastKnownFileType = sourcecode.cpp.h; path = AppDelegate.hh; sourceTree = "<group>"; };
		1482B1E823973F3E001BA513 /* AppDelegate.mm */ = {isa = PBXFileReference; lastKnownFileType = sourcecode.cpp.objcpp; path = AppDelegate.mm; sourceTree = "<group>"; };
		1482B1EA23973F42001BA513 /* Assets.xcassets */ = {isa = PBXFileReference; lastKnownFileType = folder.assetcatalog; path = Assets.xcassets; sourceTree = "<group>"; };
		1482B1EF23973F42001BA513 /* Info.plist */ = {isa = PBXFileReference; lastKnownFileType = text.plist.xml; path = Info.plist; sourceTree = "<group>"; };
		1482B1F023973F42001BA513 /* main.m */ = {isa = PBXFileReference; lastKnownFileType = sourcecode.c.objc; path = main.m; sourceTree = "<group>"; };
		1482B1F223973F42001BA513 /* SCSI2SD_util.entitlements */ = {isa = PBXFileReference; lastKnownFileType = text.plist.entitlements; path = SCSI2SD_util.entitlements; sourceTree = "<group>"; };
		1482B1F9239748DB001BA513 /* SettingsController.hh */ = {isa = PBXFileReference; fileEncoding = 4; lastKnownFileType = sourcecode.cpp.h; path = SettingsController.hh; sourceTree = "<group>"; };
		1482B1FA239748DB001BA513 /* DeviceController.hh */ = {isa = PBXFileReference; fileEncoding = 4; lastKnownFileType = sourcecode.cpp.h; path = DeviceController.hh; sourceTree = "<group>"; };
		1482B203239748DB001BA513 /* DeviceController.mm */ = {isa = PBXFileReference; fileEncoding = 4; lastKnownFileType = sourcecode.cpp.objcpp; path = DeviceController.mm; sourceTree = "<group>"; };
		1482B204239748DB001BA513 /* SettingsController.mm */ = {isa = PBXFileReference; fileEncoding = 4; lastKnownFileType = sourcecode.cpp.objcpp; path = SettingsController.mm; sourceTree = "<group>"; };
		14AF9E132582877D00EDB1FD /* MF_Base64Additions.m */ = {isa = PBXFileReference; fileEncoding = 4; lastKnownFileType = sourcecode.c.objc; path = MF_Base64Additions.m; sourceTree = "<group>"; };
		14AF9E142582877D00EDB1FD /* MF_Base64Additions.h */ = {isa = PBXFileReference; fileEncoding = 4; lastKnownFileType = sourcecode.c.h; path = MF_Base64Additions.h; sourceTree = "<group>"; };
		14D621E725898FC300572C88 /* SCSI2SD-util-V5-icon-1024x1024.png */ = {isa = PBXFileReference; lastKnownFileType = image.png; path = "SCSI2SD-util-V5-icon-1024x1024.png"; sourceTree = "<group>"; };
		14D96BCC23C935320008E7B3 /* scsi2sd-util-cli */ = {isa = PBXFileReference; explicitFileType = "compiled.mach-o.executable"; includeInIndex = 0; path = "scsi2sd-util-cli"; sourceTree = BUILT_PRODUCTS_DIR; };
		14D96BCE23C935330008E7B3 /* main.mm */ = {isa = PBXFileReference; lastKnownFileType = sourcecode.cpp.objcpp; path = main.mm; sourceTree = "<group>"; };
		14DEC5E6239F456800ECD04A /* Functions.mm */ = {isa = PBXFileReference; lastKnownFileType = sourcecode.cpp.objcpp; path = Functions.mm; sourceTree = "<group>"; };
		14DEC5E7239F456800ECD04A /* Functions.hh */ = {isa = PBXFileReference; lastKnownFileType = sourcecode.cpp.h; path = Functions.hh; sourceTree = "<group>"; };
		14DEC5E923A2F06C00ECD04A /* ConfigUtil.hh */ = {isa = PBXFileReference; fileEncoding = 4; lastKnownFileType = sourcecode.cpp.h; name = ConfigUtil.hh; path = "SCSI2SD-util/ConfigUtil.hh"; sourceTree = SOURCE_ROOT; };
		14DEC5EA23A2F06C00ECD04A /* ConfigUtil.mm */ = {isa = PBXFileReference; fileEncoding = 4; lastKnownFileType = sourcecode.cpp.objcpp; name = ConfigUtil.mm; path = "SCSI2SD-util/ConfigUtil.mm"; sourceTree = SOURCE_ROOT; };
		14DEC5ED23A4C76000ECD04A /* NSString+Extensions.h */ = {isa = PBXFileReference; lastKnownFileType = sourcecode.c.h; path = "NSString+Extensions.h"; sourceTree = "<group>"; };
		14DEC5EE23A4C76000ECD04A /* NSString+Extensions.m */ = {isa = PBXFileReference; lastKnownFileType = sourcecode.c.objc; path = "NSString+Extensions.m"; sourceTree = "<group>"; };
		14F2F96323C94A4400169DD2 /* SCSI2SDTask.hh */ = {isa = PBXFileReference; lastKnownFileType = sourcecode.cpp.h; path = SCSI2SDTask.hh; sourceTree = "<group>"; };
		14F2F96423C94A4400169DD2 /* SCSI2SDTask.mm */ = {isa = PBXFileReference; lastKnownFileType = sourcecode.cpp.objcpp; path = SCSI2SDTask.mm; sourceTree = "<group>"; };
		14F2F96E23CA2E8B00169DD2 /* scsi2sd-util-cli.entitlements */ = {isa = PBXFileReference; lastKnownFileType = text.plist.entitlements; path = "scsi2sd-util-cli.entitlements"; sourceTree = "<group>"; };
/* End PBXFileReference section */

/* Begin PBXFrameworksBuildPhase section */
		1482B1E123973F3E001BA513 /* Frameworks */ = {
			isa = PBXFrameworksBuildPhase;
			buildActionMask = 2147483647;
			files = (
			);
			runOnlyForDeploymentPostprocessing = 0;
		};
		14D96BC923C935320008E7B3 /* Frameworks */ = {
			isa = PBXFrameworksBuildPhase;
			buildActionMask = 2147483647;
			files = (
			);
			runOnlyForDeploymentPostprocessing = 0;
		};
/* End PBXFrameworksBuildPhase section */

/* Begin PBXGroup section */
		143F21922582A99D00393107 /* Zipper */ = {
			isa = PBXGroup;
			children = (
				143F22072582B24900393107 /* strerror_posix.cc */,
				143F21962582AA6000393107 /* CompressedFile.cc */,
				143F21982582AA6100393107 /* Compressor.cc */,
				143F21932582AA5F00393107 /* config.h */,
				143F219C2582AA6200393107 /* Container.cc */,
				143F21952582AA6000393107 /* Decompressor.cc */,
				143F219A2582AA6100393107 /* deflate.cc */,
				143F21A32582AA6400393107 /* deflate.hh */,
				143F219B2582AA6200393107 /* Exception.cc */,
				143F21A12582AA6300393107 /* FileReader.cc */,
				143F219D2582AA6200393107 /* FileWriter.cc */,
				143F21942582AA6000393107 /* gzip.cc */,
				143F21972582AA6000393107 /* gzip.hh */,
				143F21992582AA6100393107 /* Reader.cc */,
				143F219E2582AA6200393107 /* split.hh */,
				143F219F2582AA6300393107 /* strerror.hh */,
				143F21A02582AA6300393107 /* util.hh */,
				143F21A52582AA6400393107 /* Writer.cc */,
				143F21A22582AA6300393107 /* zip.cc */,
				143F21A42582AA6400393107 /* zip.hh */,
				143F21A72582AA6500393107 /* zipper.hh */,
			);
			path = Zipper;
			sourceTree = "<group>";
		};
		143F21C62582B0AF00393107 /* z */ = {
			isa = PBXGroup;
			children = (
				143F21D52582B0CA00393107 /* adler32.c */,
				143F21D62582B0CA00393107 /* compress.c */,
				143F21CD2582B0C800393107 /* crc32.c */,
				143F21D02582B0C900393107 /* crc32.h */,
				143F21DE2582B0CC00393107 /* deflate.c */,
				143F21D12582B0C900393107 /* deflate.h */,
				143F21DD2582B0CC00393107 /* gzclose.c */,
				143F21D42582B0CA00393107 /* gzguts.h */,
				143F21E02582B0CD00393107 /* gzlib.c */,
				143F21C72582B0C600393107 /* gzread.c */,
				143F21CB2582B0C700393107 /* gzwrite.c */,
				143F21D72582B0CB00393107 /* infback.c */,
				143F21C92582B0C700393107 /* inffast.c */,
				143F21C82582B0C700393107 /* inffast.h */,
				143F21DB2582B0CC00393107 /* inffixed.h */,
				143F21CA2582B0C700393107 /* inflate.c */,
				143F21D82582B0CB00393107 /* inflate.h */,
				143F21DC2582B0CC00393107 /* inftrees.c */,
				143F21DA2582B0CB00393107 /* inftrees.h */,
				143F21CF2582B0C900393107 /* trees.c */,
				143F21DF2582B0CD00393107 /* trees.h */,
				143F21D92582B0CB00393107 /* uncompr.c */,
				143F21D32582B0CA00393107 /* zconf.h */,
				143F21CC2582B0C800393107 /* zlib.h */,
				143F21CE2582B0C800393107 /* zutil.c */,
				143F21D22582B0C900393107 /* zutil.h */,
			);
			path = z;
			sourceTree = "<group>";
		};
		146A538F23BBEB5B0000A06B /* Classes */ = {
			isa = PBXGroup;
			children = (
				146A539023BBEB800000A06B /* ConfigObject.hh */,
				146A539123BBEB800000A06B /* ConfigObject.mm */,
			);
			path = Classes;
			sourceTree = "<group>";
		};
		1474BFE223996564003C67D5 /* libs */ = {
			isa = PBXGroup;
			children = (
				1474BFE32399677E003C67D5 /* include */,
			);
			path = libs;
			sourceTree = "<group>";
		};
		1474BFE32399677E003C67D5 /* include */ = {
			isa = PBXGroup;
			children = (
				1474BFE42399677E003C67D5 /* include */,
				1474BFE72399677E003C67D5 /* scsi2sd-util */,
			);
			path = include;
			sourceTree = "<group>";
		};
		1474BFE42399677E003C67D5 /* include */ = {
			isa = PBXGroup;
			children = (
				1474BFE62399677E003C67D5 /* scsi2sd.h */,
			);
			path = include;
			sourceTree = "<group>";
		};
		1474BFE72399677E003C67D5 /* scsi2sd-util */ = {
			isa = PBXGroup;
			children = (
				1474BFEA2399677E003C67D5 /* cybootloaderutils */,
				1474C0F723996A15003C67D5 /* SCSI2SD_Bootloader.hh */,
				1474C0F623996A15003C67D5 /* SCSI2SD_HID.hh */,
				1474BFFB2399677E003C67D5 /* Firmware.hh */,
			);
			path = "scsi2sd-util";
			sourceTree = "<group>";
		};
		1474BFEA2399677E003C67D5 /* cybootloaderutils */ = {
			isa = PBXGroup;
			children = (
				143F21842582A88300393107 /* cybtldr_api.c */,
				143F21832582A88300393107 /* cybtldr_api2.c */,
				143F21852582A88300393107 /* cybtldr_command.c */,
				143F21822582A88200393107 /* cybtldr_parse.c */,
				1474BFEB2399677E003C67D5 /* cybtldr_api.h */,
				1474BFEC2399677E003C67D5 /* cybtldr_api2.h */,
				1474BFED2399677E003C67D5 /* cybtldr_parse.h */,
				1474BFEE2399677E003C67D5 /* cybtldr_command.h */,
				1474BFEF2399677E003C67D5 /* cybtldr_utils.h */,
			);
			path = cybootloaderutils;
			sourceTree = "<group>";
		};
		1474C0FB23998F0D003C67D5 /* CPPModules */ = {
			isa = PBXGroup;
			children = (
				146A538D23BBACAF0000A06B /* SCSI2SD_Bootloader.cc */,
				14418B4223AAC07900C8EB09 /* SCSI2SD_HID.cc */,
				146A538B23BBAC730000A06B /* Firmware.cc */,
				14418B4623AAC77000C8EB09 /* hidpacket.h */,
				143F217B2582A6E500393107 /* hidpacket.c */,
				14418B4723AAC7DC00C8EB09 /* hidapi.h */,
				14418B4423AAC6EB00C8EB09 /* hid.c */,
				14DEC5E923A2F06C00ECD04A /* ConfigUtil.hh */,
				14DEC5EA23A2F06C00ECD04A /* ConfigUtil.mm */,
				14DEC5E6239F456800ECD04A /* Functions.mm */,
				14DEC5E7239F456800ECD04A /* Functions.hh */,
			);
			path = CPPModules;
			sourceTree = "<group>";
		};
		1482B1DB23973F3E001BA513 = {
			isa = PBXGroup;
			children = (
				1482B1E623973F3E001BA513 /* SCSI2SD-util */,
				14D96BCD23C935330008E7B3 /* scsi2sd-util-cli */,
				1482B1E523973F3E001BA513 /* Products */,
				1474BFE223996564003C67D5 /* libs */,
			);
			sourceTree = "<group>";
		};
		1482B1E523973F3E001BA513 /* Products */ = {
			isa = PBXGroup;
			children = (
				1482B1E423973F3E001BA513 /* SCSI2SD-util.app */,
				14D96BCC23C935320008E7B3 /* scsi2sd-util-cli */,
			);
			name = Products;
			sourceTree = "<group>";
		};
		1482B1E623973F3E001BA513 /* SCSI2SD-util */ = {
			isa = PBXGroup;
			children = (
				0BD4CB1725857166003FAA19 /* SCSI2SD-utilRelease.entitlements */,
				143F21C62582B0AF00393107 /* z */,
				143F21922582A99D00393107 /* Zipper */,
				146A538F23BBEB5B0000A06B /* Classes */,
				14DEC5EC23A4C67A00ECD04A /* Categories */,
				1474C0FB23998F0D003C67D5 /* CPPModules */,
				1482B1F8239748DB001BA513 /* ViewControllers */,
				1482B1E723973F3E001BA513 /* AppDelegate.hh */,
				1482B1E823973F3E001BA513 /* AppDelegate.mm */,
				1482B1EC23973F42001BA513 /* MainMenu.xib */,
				1482B1EF23973F42001BA513 /* Info.plist */,
				1482B1F023973F42001BA513 /* main.m */,
				1482B1EA23973F42001BA513 /* Assets.xcassets */,
				14D621E725898FC300572C88 /* SCSI2SD-util-V5-icon-1024x1024.png */,
				1482B1F223973F42001BA513 /* SCSI2SD_util.entitlements */,
			);
			path = "SCSI2SD-util";
			sourceTree = "<group>";
		};
		1482B1F8239748DB001BA513 /* ViewControllers */ = {
			isa = PBXGroup;
			children = (
				1482B1F9239748DB001BA513 /* SettingsController.hh */,
				1482B204239748DB001BA513 /* SettingsController.mm */,
				1482B1FA239748DB001BA513 /* DeviceController.hh */,
				1482B203239748DB001BA513 /* DeviceController.mm */,
			);
			path = ViewControllers;
			sourceTree = "<group>";
		};
		14D96BCD23C935330008E7B3 /* scsi2sd-util-cli */ = {
			isa = PBXGroup;
			children = (
				14F2F96E23CA2E8B00169DD2 /* scsi2sd-util-cli.entitlements */,
				14D96BCE23C935330008E7B3 /* main.mm */,
				14F2F96323C94A4400169DD2 /* SCSI2SDTask.hh */,
				14F2F96423C94A4400169DD2 /* SCSI2SDTask.mm */,
			);
			path = "scsi2sd-util-cli";
			sourceTree = "<group>";
		};
		14DEC5EC23A4C67A00ECD04A /* Categories */ = {
			isa = PBXGroup;
			children = (
				14AF9E142582877D00EDB1FD /* MF_Base64Additions.h */,
				14AF9E132582877D00EDB1FD /* MF_Base64Additions.m */,
				14DEC5ED23A4C76000ECD04A /* NSString+Extensions.h */,
				14DEC5EE23A4C76000ECD04A /* NSString+Extensions.m */,
			);
			path = Categories;
			sourceTree = "<group>";
		};
/* End PBXGroup section */

/* Begin PBXNativeTarget section */
		1482B1E323973F3E001BA513 /* SCSI2SD-util */ = {
			isa = PBXNativeTarget;
			buildConfigurationList = 1482B1F523973F42001BA513 /* Build configuration list for PBXNativeTarget "SCSI2SD-util" */;
			buildPhases = (
				1482B1E023973F3E001BA513 /* Sources */,
				1482B1E123973F3E001BA513 /* Frameworks */,
				1482B1E223973F3E001BA513 /* Resources */,
			);
			buildRules = (
			);
			dependencies = (
			);
			name = "SCSI2SD-util";
			productName = "SCSI2SD-util";
			productReference = 1482B1E423973F3E001BA513 /* SCSI2SD-util.app */;
			productType = "com.apple.product-type.application";
		};
		14D96BCB23C935320008E7B3 /* scsi2sd-util-cli */ = {
			isa = PBXNativeTarget;
			buildConfigurationList = 14D96BD223C935330008E7B3 /* Build configuration list for PBXNativeTarget "scsi2sd-util-cli" */;
			buildPhases = (
				14D96BC823C935320008E7B3 /* Sources */,
				14D96BC923C935320008E7B3 /* Frameworks */,
				14D96BCA23C935320008E7B3 /* CopyFiles */,
			);
			buildRules = (
			);
			dependencies = (
			);
			name = "scsi2sd-util-cli";
			productName = "scsi2sd-util-cli";
			productReference = 14D96BCC23C935320008E7B3 /* scsi2sd-util-cli */;
			productType = "com.apple.product-type.tool";
		};
/* End PBXNativeTarget section */

/* Begin PBXProject section */
		1482B1DC23973F3E001BA513 /* Project object */ = {
			isa = PBXProject;
			attributes = {
				LastUpgradeCheck = 1230;
				ORGANIZATIONNAME = "Rabbit Hole Computing LLC";
				TargetAttributes = {
					1482B1E323973F3E001BA513 = {
						CreatedOnToolsVersion = 11.2.1;
					};
					14D96BCB23C935320008E7B3 = {
						CreatedOnToolsVersion = 11.3;
					};
				};
			};
			buildConfigurationList = 1482B1DF23973F3E001BA513 /* Build configuration list for PBXProject "SCSI2SD-util" */;
			compatibilityVersion = "Xcode 9.3";
			developmentRegion = en;
			hasScannedForEncodings = 0;
			knownRegions = (
				en,
				Base,
			);
			mainGroup = 1482B1DB23973F3E001BA513;
			productRefGroup = 1482B1E523973F3E001BA513 /* Products */;
			projectDirPath = "";
			projectRoot = "";
			targets = (
				1482B1E323973F3E001BA513 /* SCSI2SD-util */,
				14D96BCB23C935320008E7B3 /* scsi2sd-util-cli */,
			);
		};
/* End PBXProject section */

/* Begin PBXResourcesBuildPhase section */
		1482B1E223973F3E001BA513 /* Resources */ = {
			isa = PBXResourcesBuildPhase;
			buildActionMask = 2147483647;
			files = (
				1482B1EB23973F42001BA513 /* Assets.xcassets in Resources */,
				1482B1EE23973F42001BA513 /* MainMenu.xib in Resources */,
				14D621E825898FC300572C88 /* SCSI2SD-util-V5-icon-1024x1024.png in Resources */,
			);
			runOnlyForDeploymentPostprocessing = 0;
		};
/* End PBXResourcesBuildPhase section */

/* Begin PBXSourcesBuildPhase section */
		1482B1E023973F3E001BA513 /* Sources */ = {
			isa = PBXSourcesBuildPhase;
			buildActionMask = 2147483647;
			files = (
				143F21B42582AA6500393107 /* Exception.cc in Sources */,
				146A538C23BBAC730000A06B /* Firmware.cc in Sources */,
				143F217C2582A6E500393107 /* hidpacket.c in Sources */,
				143F21B62582AA6500393107 /* Container.cc in Sources */,
				14DEC5EF23A4C76000ECD04A /* NSString+Extensions.m in Sources */,
				143F21F92582B0CD00393107 /* gzclose.c in Sources */,
				143F21A82582AA6500393107 /* gzip.cc in Sources */,
				143F21B82582AA6500393107 /* FileWriter.cc in Sources */,
				14418B4323AAC07900C8EB09 /* SCSI2SD_HID.cc in Sources */,
				143F21BE2582AA6500393107 /* Writer.cc in Sources */,
				143F21E72582B0CD00393107 /* gzwrite.c in Sources */,
				143F21AA2582AA6500393107 /* Decompressor.cc in Sources */,
				143F21B02582AA6500393107 /* Reader.cc in Sources */,
				143F21AE2582AA6500393107 /* Compressor.cc in Sources */,
				143F21FD2582B0CD00393107 /* gzlib.c in Sources */,
				143F21BC2582AA6500393107 /* zip.cc in Sources */,
				146A538E23BBACAF0000A06B /* SCSI2SD_Bootloader.cc in Sources */,
				1482B20F239748DB001BA513 /* DeviceController.mm in Sources */,
				14AF9E152582877D00EDB1FD /* MF_Base64Additions.m in Sources */,
				143F21EF2582B0CD00393107 /* adler32.c in Sources */,
				143F21ED2582B0CD00393107 /* trees.c in Sources */,
				143F21B22582AA6500393107 /* deflate.cc in Sources */,
				14418B4523AAC6EB00C8EB09 /* hid.c in Sources */,
				143F21BA2582AA6500393107 /* FileReader.cc in Sources */,
				146A539223BBEB800000A06B /* ConfigObject.mm in Sources */,
				143F21E92582B0CD00393107 /* crc32.c in Sources */,
				143F21FB2582B0CD00393107 /* deflate.c in Sources */,
				143F21F52582B0CD00393107 /* uncompr.c in Sources */,
				143F22082582B24900393107 /* strerror_posix.cc in Sources */,
				143F21E32582B0CD00393107 /* inffast.c in Sources */,
				1482B1F123973F42001BA513 /* main.m in Sources */,
				14DEC5EB23A2F06D00ECD04A /* ConfigUtil.mm in Sources */,
				143F21E12582B0CD00393107 /* gzread.c in Sources */,
				143F21EB2582B0CD00393107 /* zutil.c in Sources */,
				143F21F32582B0CD00393107 /* infback.c in Sources */,
				14DEC5E8239F456800ECD04A /* Functions.mm in Sources */,
				143F218C2582A88300393107 /* cybtldr_command.c in Sources */,
				143F21E52582B0CD00393107 /* inflate.c in Sources */,
				143F218A2582A88300393107 /* cybtldr_api.c in Sources */,
				143F21AC2582AA6500393107 /* CompressedFile.cc in Sources */,
				143F21F72582B0CD00393107 /* inftrees.c in Sources */,
				1482B210239748DB001BA513 /* SettingsController.mm in Sources */,
				1482B1E923973F3E001BA513 /* AppDelegate.mm in Sources */,
				143F21882582A88300393107 /* cybtldr_api2.c in Sources */,
				143F21862582A88300393107 /* cybtldr_parse.c in Sources */,
				143F21F12582B0CD00393107 /* compress.c in Sources */,
			);
			runOnlyForDeploymentPostprocessing = 0;
		};
		14D96BC823C935320008E7B3 /* Sources */ = {
			isa = PBXSourcesBuildPhase;
			buildActionMask = 2147483647;
			files = (
				14F2F96823CA23E300169DD2 /* Firmware.cc in Sources */,
				14F2F96623CA23D200169DD2 /* SCSI2SD_Bootloader.cc in Sources */,
				143F21E42582B0CD00393107 /* inffast.c in Sources */,
				143F21E22582B0CD00393107 /* gzread.c in Sources */,
				143F21BB2582AA6500393107 /* FileReader.cc in Sources */,
				14F2F96723CA23D600169DD2 /* SCSI2SD_HID.cc in Sources */,
				14F2F96C23CA23F700169DD2 /* NSString+Extensions.m in Sources */,
				143F218D2582A88300393107 /* cybtldr_command.c in Sources */,
				143F21BF2582AA6500393107 /* Writer.cc in Sources */,
				143F21EC2582B0CD00393107 /* zutil.c in Sources */,
				143F21E82582B0CD00393107 /* gzwrite.c in Sources */,
				143F21872582A88300393107 /* cybtldr_parse.c in Sources */,
				14F2F96923CA23E800169DD2 /* hid.c in Sources */,
				143F21892582A88300393107 /* cybtldr_api2.c in Sources */,
				143F21B12582AA6500393107 /* Reader.cc in Sources */,
				143F21EE2582B0CD00393107 /* trees.c in Sources */,
				143F21A92582AA6500393107 /* gzip.cc in Sources */,
				143F21FC2582B0CD00393107 /* deflate.c in Sources */,
				14F2F96523C94A4400169DD2 /* SCSI2SDTask.mm in Sources */,
				143F21B52582AA6500393107 /* Exception.cc in Sources */,
				143F21AF2582AA6500393107 /* Compressor.cc in Sources */,
				14F2F96D23CA23FA00169DD2 /* ConfigObject.mm in Sources */,
				143F218B2582A88300393107 /* cybtldr_api.c in Sources */,
				143F22092582B24900393107 /* strerror_posix.cc in Sources */,
				143F21F62582B0CD00393107 /* uncompr.c in Sources */,
				14F2F96B23CA23F000169DD2 /* Functions.mm in Sources */,
				14AF9E162582877D00EDB1FD /* MF_Base64Additions.m in Sources */,
				143F217D2582A6E500393107 /* hidpacket.c in Sources */,
				143F21F22582B0CD00393107 /* compress.c in Sources */,
				143F21FA2582B0CD00393107 /* gzclose.c in Sources */,
				143F21F42582B0CD00393107 /* infback.c in Sources */,
				14F2F96A23CA23EC00169DD2 /* ConfigUtil.mm in Sources */,
				143F21BD2582AA6500393107 /* zip.cc in Sources */,
				143F21B72582AA6500393107 /* Container.cc in Sources */,
				143F21B92582AA6500393107 /* FileWriter.cc in Sources */,
				143F21AD2582AA6500393107 /* CompressedFile.cc in Sources */,
				14D96BCF23C935330008E7B3 /* main.mm in Sources */,
				143F21F02582B0CD00393107 /* adler32.c in Sources */,
				143F21E62582B0CD00393107 /* inflate.c in Sources */,
				143F21EA2582B0CD00393107 /* crc32.c in Sources */,
				143F21FE2582B0CD00393107 /* gzlib.c in Sources */,
				143F21AB2582AA6500393107 /* Decompressor.cc in Sources */,
				143F21B32582AA6500393107 /* deflate.cc in Sources */,
				143F21F82582B0CD00393107 /* inftrees.c in Sources */,
			);
			runOnlyForDeploymentPostprocessing = 0;
		};
/* End PBXSourcesBuildPhase section */

/* Begin PBXVariantGroup section */
		1482B1EC23973F42001BA513 /* MainMenu.xib */ = {
			isa = PBXVariantGroup;
			children = (
				142274FF23B4E0E800A7C0E5 /* en */,
			);
			name = MainMenu.xib;
			sourceTree = "<group>";
		};
/* End PBXVariantGroup section */

/* Begin XCBuildConfiguration section */
		1482B1F323973F42001BA513 /* Debug */ = {
			isa = XCBuildConfiguration;
			buildSettings = {
				ALWAYS_SEARCH_USER_PATHS = NO;
				CLANG_ANALYZER_NONNULL = YES;
				CLANG_ANALYZER_NUMBER_OBJECT_CONVERSION = YES_AGGRESSIVE;
				CLANG_CXX_LANGUAGE_STANDARD = "gnu++14";
				CLANG_CXX_LIBRARY = "libc++";
				CLANG_ENABLE_MODULES = YES;
				CLANG_ENABLE_OBJC_ARC = YES;
				CLANG_ENABLE_OBJC_WEAK = YES;
				CLANG_WARN_BLOCK_CAPTURE_AUTORELEASING = YES;
				CLANG_WARN_BOOL_CONVERSION = YES;
				CLANG_WARN_COMMA = YES;
				CLANG_WARN_CONSTANT_CONVERSION = YES;
				CLANG_WARN_DEPRECATED_OBJC_IMPLEMENTATIONS = YES;
				CLANG_WARN_DIRECT_OBJC_ISA_USAGE = YES_ERROR;
				CLANG_WARN_DOCUMENTATION_COMMENTS = YES;
				CLANG_WARN_EMPTY_BODY = YES;
				CLANG_WARN_ENUM_CONVERSION = YES;
				CLANG_WARN_INFINITE_RECURSION = YES;
				CLANG_WARN_INT_CONVERSION = YES;
				CLANG_WARN_NON_LITERAL_NULL_CONVERSION = YES;
				CLANG_WARN_OBJC_IMPLICIT_RETAIN_SELF = YES;
				CLANG_WARN_OBJC_LITERAL_CONVERSION = YES;
				CLANG_WARN_OBJC_ROOT_CLASS = YES_ERROR;
				CLANG_WARN_QUOTED_INCLUDE_IN_FRAMEWORK_HEADER = YES;
				CLANG_WARN_RANGE_LOOP_ANALYSIS = YES;
				CLANG_WARN_STRICT_PROTOTYPES = YES;
				CLANG_WARN_SUSPICIOUS_MOVE = YES;
				CLANG_WARN_UNGUARDED_AVAILABILITY = YES_AGGRESSIVE;
				CLANG_WARN_UNREACHABLE_CODE = YES;
				CLANG_WARN__DUPLICATE_METHOD_MATCH = YES;
				COPY_PHASE_STRIP = NO;
				DEBUG_INFORMATION_FORMAT = dwarf;
				ENABLE_STRICT_OBJC_MSGSEND = YES;
				ENABLE_TESTABILITY = YES;
				GCC_C_LANGUAGE_STANDARD = gnu11;
				GCC_DYNAMIC_NO_PIC = NO;
				GCC_NO_COMMON_BLOCKS = YES;
				GCC_OPTIMIZATION_LEVEL = 0;
				GCC_PREPROCESSOR_DEFINITIONS = (
					"DEBUG=1",
					"$(inherited)",
				);
				GCC_WARN_64_TO_32_BIT_CONVERSION = YES;
				GCC_WARN_ABOUT_RETURN_TYPE = YES_ERROR;
				GCC_WARN_UNDECLARED_SELECTOR = YES;
				GCC_WARN_UNINITIALIZED_AUTOS = YES_AGGRESSIVE;
				GCC_WARN_UNUSED_FUNCTION = YES;
				GCC_WARN_UNUSED_VARIABLE = YES;
				IBC_NOTICES = NO;
				IBC_WARNINGS = NO;
				MACOSX_DEPLOYMENT_TARGET = 10.9;
				MTL_ENABLE_DEBUG_INFO = INCLUDE_SOURCE;
				MTL_FAST_MATH = YES;
				ONLY_ACTIVE_ARCH = YES;
				SDKROOT = macosx;
			};
			name = Debug;
		};
		1482B1F423973F42001BA513 /* Release */ = {
			isa = XCBuildConfiguration;
			buildSettings = {
				ALWAYS_SEARCH_USER_PATHS = NO;
				CLANG_ANALYZER_NONNULL = YES;
				CLANG_ANALYZER_NUMBER_OBJECT_CONVERSION = YES_AGGRESSIVE;
				CLANG_CXX_LANGUAGE_STANDARD = "gnu++14";
				CLANG_CXX_LIBRARY = "libc++";
				CLANG_ENABLE_MODULES = YES;
				CLANG_ENABLE_OBJC_ARC = YES;
				CLANG_ENABLE_OBJC_WEAK = YES;
				CLANG_WARN_BLOCK_CAPTURE_AUTORELEASING = YES;
				CLANG_WARN_BOOL_CONVERSION = YES;
				CLANG_WARN_COMMA = YES;
				CLANG_WARN_CONSTANT_CONVERSION = YES;
				CLANG_WARN_DEPRECATED_OBJC_IMPLEMENTATIONS = YES;
				CLANG_WARN_DIRECT_OBJC_ISA_USAGE = YES_ERROR;
				CLANG_WARN_DOCUMENTATION_COMMENTS = YES;
				CLANG_WARN_EMPTY_BODY = YES;
				CLANG_WARN_ENUM_CONVERSION = YES;
				CLANG_WARN_INFINITE_RECURSION = YES;
				CLANG_WARN_INT_CONVERSION = YES;
				CLANG_WARN_NON_LITERAL_NULL_CONVERSION = YES;
				CLANG_WARN_OBJC_IMPLICIT_RETAIN_SELF = YES;
				CLANG_WARN_OBJC_LITERAL_CONVERSION = YES;
				CLANG_WARN_OBJC_ROOT_CLASS = YES_ERROR;
				CLANG_WARN_QUOTED_INCLUDE_IN_FRAMEWORK_HEADER = YES;
				CLANG_WARN_RANGE_LOOP_ANALYSIS = YES;
				CLANG_WARN_STRICT_PROTOTYPES = YES;
				CLANG_WARN_SUSPICIOUS_MOVE = YES;
				CLANG_WARN_UNGUARDED_AVAILABILITY = YES_AGGRESSIVE;
				CLANG_WARN_UNREACHABLE_CODE = YES;
				CLANG_WARN__DUPLICATE_METHOD_MATCH = YES;
				COPY_PHASE_STRIP = NO;
				DEBUG_INFORMATION_FORMAT = "dwarf-with-dsym";
				ENABLE_NS_ASSERTIONS = NO;
				ENABLE_STRICT_OBJC_MSGSEND = YES;
				GCC_C_LANGUAGE_STANDARD = gnu11;
				GCC_NO_COMMON_BLOCKS = YES;
				GCC_WARN_64_TO_32_BIT_CONVERSION = YES;
				GCC_WARN_ABOUT_RETURN_TYPE = YES_ERROR;
				GCC_WARN_UNDECLARED_SELECTOR = YES;
				GCC_WARN_UNINITIALIZED_AUTOS = YES_AGGRESSIVE;
				GCC_WARN_UNUSED_FUNCTION = YES;
				GCC_WARN_UNUSED_VARIABLE = YES;
				IBC_NOTICES = NO;
				IBC_WARNINGS = NO;
				MACOSX_DEPLOYMENT_TARGET = 10.9;
				MTL_ENABLE_DEBUG_INFO = NO;
				MTL_FAST_MATH = YES;
				SDKROOT = macosx;
			};
			name = Release;
		};
		1482B1F623973F42001BA513 /* Debug */ = {
			isa = XCBuildConfiguration;
			buildSettings = {
				ASSETCATALOG_COMPILER_APPICON_NAME = AppIcon;
				CODE_SIGN_ENTITLEMENTS = "SCSI2SD-util/SCSI2SD_util.entitlements";
				CODE_SIGN_IDENTITY = "-";
				CODE_SIGN_STYLE = Automatic;
				COMBINE_HIDPI_IMAGES = YES;
				CURRENT_PROJECT_VERSION = 2021041801;
				DEVELOPMENT_TEAM = "";
				ENABLE_HARDENED_RUNTIME = YES;
				HEADER_SEARCH_PATHS = (
					"$(inherited)",
					"\"${PROJECT_DIR}/libs/include/libz\"",
					"\"${PROJECT_DIR}/libs/include/zipper\"",
				);
				INFOPLIST_FILE = "SCSI2SD-util/Info.plist";
				LD_RUNPATH_SEARCH_PATHS = (
					"$(inherited)",
					"@executable_path/../Frameworks",
				);
				LIBRARY_SEARCH_PATHS = (
					"$(inherited)",
					"$(PROJECT_DIR)/libs/lib",
				);
				MACOSX_DEPLOYMENT_TARGET = 10.7;
				MARKETING_VERSION = 5.2.5;
				OTHER_LDFLAGS = (
					"$(inherited)",
					"-ObjC",
					"-framework",
					"\"IOKit\"",
				);
				PRODUCT_BUNDLE_IDENTIFIER = "com.rabbitholecomputing.SCSI2SD-V5-util";
				PRODUCT_NAME = "$(TARGET_NAME)";
			};
			name = Debug;
		};
		1482B1F723973F42001BA513 /* Release */ = {
			isa = XCBuildConfiguration;
			buildSettings = {
				ASSETCATALOG_COMPILER_APPICON_NAME = AppIcon;
				CODE_SIGN_ENTITLEMENTS = "SCSI2SD-util/SCSI2SD-utilRelease.entitlements";
				CODE_SIGN_IDENTITY = "-";
				CODE_SIGN_STYLE = Automatic;
				COMBINE_HIDPI_IMAGES = YES;
				CURRENT_PROJECT_VERSION = 2021041801;
				DEVELOPMENT_TEAM = "";
				ENABLE_HARDENED_RUNTIME = YES;
				HEADER_SEARCH_PATHS = (
					"$(inherited)",
					"\"${PROJECT_DIR}/libs/include/libz\"",
					"\"${PROJECT_DIR}/libs/include/zipper\"",
				);
				INFOPLIST_FILE = "SCSI2SD-util/Info.plist";
				LD_RUNPATH_SEARCH_PATHS = (
					"$(inherited)",
					"@executable_path/../Frameworks",
				);
				LIBRARY_SEARCH_PATHS = (
					"$(inherited)",
					"$(PROJECT_DIR)/libs/lib",
				);
				MACOSX_DEPLOYMENT_TARGET = 10.7;
				MARKETING_VERSION = 5.2.5;
				OTHER_LDFLAGS = (
					"$(inherited)",
					"-ObjC",
					"-framework",
					"\"IOKit\"",
				);
				PRODUCT_BUNDLE_IDENTIFIER = "com.rabbitholecomputing.SCSI2SD-V5-util";
				PRODUCT_NAME = "$(TARGET_NAME)";
			};
			name = Release;
		};
		14D96BD023C935330008E7B3 /* Debug */ = {
			isa = XCBuildConfiguration;
			buildSettings = {
				CODE_SIGN_ENTITLEMENTS = "scsi2sd-util-cli/scsi2sd-util-cli.entitlements";
				CODE_SIGN_IDENTITY = "Apple Development";
				CODE_SIGN_STYLE = Automatic;
				DEVELOPMENT_TEAM = 768T4SN737;
				ENABLE_HARDENED_RUNTIME = YES;
				HEADER_SEARCH_PATHS = (
					"$(inherited)",
					"${PROJECT_DIR}/libs/include/scsi2sd-util",
					"${PROJECT_DIR}/libs/include/zipper",
					"${PROJECT_DIR}/libs/include/libz",
				);
				INFOPLIST_FILE = "$(SRCROOT)/SCSI2SD-util/Info.plist";
				LIBRARY_SEARCH_PATHS = (
					"$(inherited)",
					"${BUILD_DIR}/Debug/Base64",
					"$(PROJECT_DIR)/libs/lib",
				);
				MACOSX_DEPLOYMENT_TARGET = 10.7;
				OTHER_LDFLAGS = (
					"-ObjC",
					"-framework",
					"\"IOKit\"",
				);
				PRODUCT_BUNDLE_IDENTIFIER = "com.rabbitholecomputing.SCSI2SD-util";
				PRODUCT_NAME = "$(TARGET_NAME)";
			};
			name = Debug;
		};
		14D96BD123C935330008E7B3 /* Release */ = {
			isa = XCBuildConfiguration;
			buildSettings = {
				CODE_SIGN_ENTITLEMENTS = "scsi2sd-util-cli/scsi2sd-util-cli.entitlements";
				CODE_SIGN_IDENTITY = "Apple Development";
				CODE_SIGN_STYLE = Automatic;
				DEVELOPMENT_TEAM = 768T4SN737;
				ENABLE_HARDENED_RUNTIME = YES;
				HEADER_SEARCH_PATHS = (
					"$(inherited)",
					"${PROJECT_DIR}/libs/include/scsi2sd-util",
					"${PROJECT_DIR}/libs/include/zipper",
					"${PROJECT_DIR}/libs/include/libz",
				);
				INFOPLIST_FILE = "$(SRCROOT)/SCSI2SD-util/Info.plist";
				LIBRARY_SEARCH_PATHS = (
					"$(inherited)",
					"${BUILD_DIR}Release/Base64",
					"$(PROJECT_DIR)/libs/lib",
				);
				MACOSX_DEPLOYMENT_TARGET = 10.7;
				OTHER_LDFLAGS = (
					"-ObjC",
					"-framework",
					"\"IOKit\"",
				);
				PRODUCT_BUNDLE_IDENTIFIER = "com.rabbitholecomputing.SCSI2SD-util";
				PRODUCT_NAME = "$(TARGET_NAME)";
			};
			name = Release;
		};
/* End XCBuildConfiguration section */

/* Begin XCConfigurationList section */
		1482B1DF23973F3E001BA513 /* Build configuration list for PBXProject "SCSI2SD-util" */ = {
			isa = XCConfigurationList;
			buildConfigurations = (
				1482B1F323973F42001BA513 /* Debug */,
				1482B1F423973F42001BA513 /* Release */,
			);
			defaultConfigurationIsVisible = 0;
			defaultConfigurationName = Debug;
		};
		1482B1F523973F42001BA513 /* Build configuration list for PBXNativeTarget "SCSI2SD-util" */ = {
			isa = XCConfigurationList;
			buildConfigurations = (
				1482B1F623973F42001BA513 /* Debug */,
				1482B1F723973F42001BA513 /* Release */,
			);
			defaultConfigurationIsVisible = 0;
			defaultConfigurationName = Debug;
		};
		14D96BD223C935330008E7B3 /* Build configuration list for PBXNativeTarget "scsi2sd-util-cli" */ = {
			isa = XCConfigurationList;
			buildConfigurations = (
				14D96BD023C935330008E7B3 /* Debug */,
				14D96BD123C935330008E7B3 /* Release */,
			);
			defaultConfigurationIsVisible = 0;
			defaultConfigurationName = Debug;
		};
/* End XCConfigurationList section */
	};
	rootObject = 1482B1DC23973F3E001BA513 /* Project object */;
}
